// !$*UTF8*$!
{
	archiveVersion = 1;
	classes = {
	};
	objectVersion = 50;
	objects = {

/* Begin PBXBuildFile section */
		C50D24532355135E004530D4 /* AppDelegate.swift in Sources */ = {isa = PBXBuildFile; fileRef = C50D24522355135E004530D4 /* AppDelegate.swift */; };
		C50D24552355135E004530D4 /* SceneDelegate.swift in Sources */ = {isa = PBXBuildFile; fileRef = C50D24542355135E004530D4 /* SceneDelegate.swift */; };
		C50D24572355135E004530D4 /* ViewController.swift in Sources */ = {isa = PBXBuildFile; fileRef = C50D24562355135E004530D4 /* ViewController.swift */; };
		C50D245A2355135E004530D4 /* Main.storyboard in Resources */ = {isa = PBXBuildFile; fileRef = C50D24582355135E004530D4 /* Main.storyboard */; };
		C50D245C2355135F004530D4 /* Assets.xcassets in Resources */ = {isa = PBXBuildFile; fileRef = C50D245B2355135F004530D4 /* Assets.xcassets */; };
		C50D245F2355135F004530D4 /* LaunchScreen.storyboard in Resources */ = {isa = PBXBuildFile; fileRef = C50D245D2355135F004530D4 /* LaunchScreen.storyboard */; };
		C50D24672355136D004530D4 /* Stringify.swift in Sources */ = {isa = PBXBuildFile; fileRef = C50D24662355136D004530D4 /* Stringify.swift */; };
/* End PBXBuildFile section */

/* Begin PBXFileReference section */
		C50D244F2355135E004530D4 /* danger-swift-integration.app */ = {isa = PBXFileReference; explicitFileType = wrapper.application; includeInIndex = 0; path = "danger-swift-integration.app"; sourceTree = BUILT_PRODUCTS_DIR; };
		C50D24522355135E004530D4 /* AppDelegate.swift */ = {isa = PBXFileReference; lastKnownFileType = sourcecode.swift; path = AppDelegate.swift; sourceTree = "<group>"; };
		C50D24542355135E004530D4 /* SceneDelegate.swift */ = {isa = PBXFileReference; lastKnownFileType = sourcecode.swift; path = SceneDelegate.swift; sourceTree = "<group>"; };
		C50D24562355135E004530D4 /* ViewController.swift */ = {isa = PBXFileReference; lastKnownFileType = sourcecode.swift; path = ViewController.swift; sourceTree = "<group>"; };
		C50D24592355135E004530D4 /* Base */ = {isa = PBXFileReference; lastKnownFileType = file.storyboard; name = Base; path = Base.lproj/Main.storyboard; sourceTree = "<group>"; };
		C50D245B2355135F004530D4 /* Assets.xcassets */ = {isa = PBXFileReference; lastKnownFileType = folder.assetcatalog; path = Assets.xcassets; sourceTree = "<group>"; };
		C50D245E2355135F004530D4 /* Base */ = {isa = PBXFileReference; lastKnownFileType = file.storyboard; name = Base; path = Base.lproj/LaunchScreen.storyboard; sourceTree = "<group>"; };
		C50D24602355135F004530D4 /* Info.plist */ = {isa = PBXFileReference; lastKnownFileType = text.plist.xml; path = Info.plist; sourceTree = "<group>"; };
		C50D24662355136D004530D4 /* Stringify.swift */ = {isa = PBXFileReference; lastKnownFileType = sourcecode.swift; path = Stringify.swift; sourceTree = "<group>"; };
/* End PBXFileReference section */

/* Begin PBXFrameworksBuildPhase section */
		C50D244C2355135E004530D4 /* Frameworks */ = {
			isa = PBXFrameworksBuildPhase;
			buildActionMask = 2147483647;
			files = (
			);
			runOnlyForDeploymentPostprocessing = 0;
		};
/* End PBXFrameworksBuildPhase section */

/* Begin PBXGroup section */
		C50D24462355135E004530D4 = {
			isa = PBXGroup;
			children = (
				C50D24512355135E004530D4 /* danger-swift-integration */,
				C50D24502355135E004530D4 /* Products */,
			);
			sourceTree = "<group>";
		};
		C50D24502355135E004530D4 /* Products */ = {
			isa = PBXGroup;
			children = (
				C50D244F2355135E004530D4 /* danger-swift-integration.app */,
			);
			name = Products;
			sourceTree = "<group>";
		};
		C50D24512355135E004530D4 /* danger-swift-integration */ = {
			isa = PBXGroup;
			children = (
				C50D24522355135E004530D4 /* AppDelegate.swift */,
				C50D24542355135E004530D4 /* SceneDelegate.swift */,
				C50D24562355135E004530D4 /* ViewController.swift */,
				C50D24582355135E004530D4 /* Main.storyboard */,
				C50D245B2355135F004530D4 /* Assets.xcassets */,
				C50D245D2355135F004530D4 /* LaunchScreen.storyboard */,
				C50D24602355135F004530D4 /* Info.plist */,
				C50D24662355136D004530D4 /* Stringify.swift */,
			);
			path = "danger-swift-integration";
			sourceTree = "<group>";
		};
/* End PBXGroup section */

/* Begin PBXNativeTarget section */
		C50D244E2355135E004530D4 /* danger-swift-integration */ = {
			isa = PBXNativeTarget;
			buildConfigurationList = C50D24632355135F004530D4 /* Build configuration list for PBXNativeTarget "danger-swift-integration" */;
			buildPhases = (
				C50D244B2355135E004530D4 /* Sources */,
				C50D244C2355135E004530D4 /* Frameworks */,
				C50D244D2355135E004530D4 /* Resources */,
			);
			buildRules = (
			);
			dependencies = (
			);
			name = "danger-swift-integration";
			productName = "danger-swift-integration";
			productReference = C50D244F2355135E004530D4 /* danger-swift-integration.app */;
			productType = "com.apple.product-type.application";
		};
/* End PBXNativeTarget section */

/* Begin PBXProject section */
		C50D24472355135E004530D4 /* Project object */ = {
			isa = PBXProject;
			attributes = {
				LastSwiftUpdateCheck = 1100;
				LastUpgradeCheck = 1100;
				ORGANIZATIONNAME = akshaykolte;
				TargetAttributes = {
					C50D244E2355135E004530D4 = {
						CreatedOnToolsVersion = 11.0;
					};
				};
			};
			buildConfigurationList = C50D244A2355135E004530D4 /* Build configuration list for PBXProject "danger-swift-integration" */;
			compatibilityVersion = "Xcode 9.3";
			developmentRegion = en;
			hasScannedForEncodings = 0;
			knownRegions = (
				en,
				Base,
			);
			mainGroup = C50D24462355135E004530D4;
			productRefGroup = C50D24502355135E004530D4 /* Products */;
			projectDirPath = "";
			projectRoot = "";
			targets = (
				C50D244E2355135E004530D4 /* danger-swift-integration */,
			);
		};
/* End PBXProject section */

/* Begin PBXResourcesBuildPhase section */
		C50D244D2355135E004530D4 /* Resources */ = {
			isa = PBXResourcesBuildPhase;
			buildActionMask = 2147483647;
			files = (
				C50D245F2355135F004530D4 /* LaunchScreen.storyboard in Resources */,
				C50D245C2355135F004530D4 /* Assets.xcassets in Resources */,
				C50D245A2355135E004530D4 /* Main.storyboard in Resources */,
			);
			runOnlyForDeploymentPostprocessing = 0;
		};
/* End PBXResourcesBuildPhase section */

/* Begin PBXSourcesBuildPhase section */
		C50D244B2355135E004530D4 /* Sources */ = {
			isa = PBXSourcesBuildPhase;
			buildActionMask = 2147483647;
			files = (
				C50D24572355135E004530D4 /* ViewController.swift in Sources */,
				C50D24672355136D004530D4 /* Stringify.swift in Sources */,
				C50D24532355135E004530D4 /* AppDelegate.swift in Sources */,
				C50D24552355135E004530D4 /* SceneDelegate.swift in Sources */,
			);
			runOnlyForDeploymentPostprocessing = 0;
		};
/* End PBXSourcesBuildPhase section */

/* Begin PBXVariantGroup section */
		C50D24582355135E004530D4 /* Main.storyboard */ = {
			isa = PBXVariantGroup;
			children = (
				C50D24592355135E004530D4 /* Base */,
			);
			name = Main.storyboard;
			sourceTree = "<group>";
		};
		C50D245D2355135F004530D4 /* LaunchScreen.storyboard */ = {
			isa = PBXVariantGroup;
			children = (
				C50D245E2355135F004530D4 /* Base */,
			);
			name = LaunchScreen.storyboard;
			sourceTree = "<group>";
		};
/* End PBXVariantGroup section */

/* Begin XCBuildConfiguration section */
		C50D24612355135F004530D4 /* Debug */ = {
			isa = XCBuildConfiguration;
			buildSettings = {
				ALWAYS_SEARCH_USER_PATHS = NO;
				CLANG_ANALYZER_NONNULL = YES;
				CLANG_ANALYZER_NUMBER_OBJECT_CONVERSION = YES_AGGRESSIVE;
				CLANG_CXX_LANGUAGE_STANDARD = "gnu++14";
				CLANG_CXX_LIBRARY = "libc++";
				CLANG_ENABLE_MODULES = YES;
				CLANG_ENABLE_OBJC_ARC = YES;
				CLANG_ENABLE_OBJC_WEAK = YES;
				CLANG_WARN_BLOCK_CAPTURE_AUTORELEASING = YES;
				CLANG_WARN_BOOL_CONVERSION = YES;
				CLANG_WARN_COMMA = YES;
				CLANG_WARN_CONSTANT_CONVERSION = YES;
				CLANG_WARN_DEPRECATED_OBJC_IMPLEMENTATIONS = YES;
				CLANG_WARN_DIRECT_OBJC_ISA_USAGE = YES_ERROR;
				CLANG_WARN_DOCUMENTATION_COMMENTS = YES;
				CLANG_WARN_EMPTY_BODY = YES;
				CLANG_WARN_ENUM_CONVERSION = YES;
				CLANG_WARN_INFINITE_RECURSION = YES;
				CLANG_WARN_INT_CONVERSION = YES;
				CLANG_WARN_NON_LITERAL_NULL_CONVERSION = YES;
				CLANG_WARN_OBJC_IMPLICIT_RETAIN_SELF = YES;
				CLANG_WARN_OBJC_LITERAL_CONVERSION = YES;
				CLANG_WARN_OBJC_ROOT_CLASS = YES_ERROR;
				CLANG_WARN_RANGE_LOOP_ANALYSIS = YES;
				CLANG_WARN_STRICT_PROTOTYPES = YES;
				CLANG_WARN_SUSPICIOUS_MOVE = YES;
				CLANG_WARN_UNGUARDED_AVAILABILITY = YES_AGGRESSIVE;
				CLANG_WARN_UNREACHABLE_CODE = YES;
				CLANG_WARN__DUPLICATE_METHOD_MATCH = YES;
				COPY_PHASE_STRIP = NO;
				DEBUG_INFORMATION_FORMAT = dwarf;
				ENABLE_STRICT_OBJC_MSGSEND = YES;
				ENABLE_TESTABILITY = YES;
				GCC_C_LANGUAGE_STANDARD = gnu11;
				GCC_DYNAMIC_NO_PIC = NO;
				GCC_NO_COMMON_BLOCKS = YES;
				GCC_OPTIMIZATION_LEVEL = 0;
				GCC_PREPROCESSOR_DEFINITIONS = (
					"DEBUG=1",
					"$(inherited)",
				);
				GCC_WARN_64_TO_32_BIT_CONVERSION = YES;
				GCC_WARN_ABOUT_RETURN_TYPE = YES_ERROR;
				GCC_WARN_UNDECLARED_SELECTOR = YES;
				GCC_WARN_UNINITIALIZED_AUTOS = YES_AGGRESSIVE;
				GCC_WARN_UNUSED_FUNCTION = YES;
				GCC_WARN_UNUSED_VARIABLE = YES;
				IPHONEOS_DEPLOYMENT_TARGET = 13.0;
				MTL_ENABLE_DEBUG_INFO = INCLUDE_SOURCE;
				MTL_FAST_MATH = YES;
				ONLY_ACTIVE_ARCH = YES;
				SDKROOT = iphoneos;
				SWIFT_ACTIVE_COMPILATION_CONDITIONS = DEBUG;
				SWIFT_OPTIMIZATION_LEVEL = "-Onone";
			};
			name = Debug;
		};
		C50D24622355135F004530D4 /* Release */ = {
			isa = XCBuildConfiguration;
			buildSettings = {
				ALWAYS_SEARCH_USER_PATHS = NO;
				CLANG_ANALYZER_NONNULL = YES;
				CLANG_ANALYZER_NUMBER_OBJECT_CONVERSION = YES_AGGRESSIVE;
				CLANG_CXX_LANGUAGE_STANDARD = "gnu++14";
				CLANG_CXX_LIBRARY = "libc++";
				CLANG_ENABLE_MODULES = YES;
				CLANG_ENABLE_OBJC_ARC = YES;
				CLANG_ENABLE_OBJC_WEAK = YES;
				CLANG_WARN_BLOCK_CAPTURE_AUTORELEASING = YES;
				CLANG_WARN_BOOL_CONVERSION = YES;
				CLANG_WARN_COMMA = YES;
				CLANG_WARN_CONSTANT_CONVERSION = YES;
				CLANG_WARN_DEPRECATED_OBJC_IMPLEMENTATIONS = YES;
				CLANG_WARN_DIRECT_OBJC_ISA_USAGE = YES_ERROR;
				CLANG_WARN_DOCUMENTATION_COMMENTS = YES;
				CLANG_WARN_EMPTY_BODY = YES;
				CLANG_WARN_ENUM_CONVERSION = YES;
				CLANG_WARN_INFINITE_RECURSION = YES;
				CLANG_WARN_INT_CONVERSION = YES;
				CLANG_WARN_NON_LITERAL_NULL_CONVERSION = YES;
				CLANG_WARN_OBJC_IMPLICIT_RETAIN_SELF = YES;
				CLANG_WARN_OBJC_LITERAL_CONVERSION = YES;
				CLANG_WARN_OBJC_ROOT_CLASS = YES_ERROR;
				CLANG_WARN_RANGE_LOOP_ANALYSIS = YES;
				CLANG_WARN_STRICT_PROTOTYPES = YES;
				CLANG_WARN_SUSPICIOUS_MOVE = YES;
				CLANG_WARN_UNGUARDED_AVAILABILITY = YES_AGGRESSIVE;
				CLANG_WARN_UNREACHABLE_CODE = YES;
				CLANG_WARN__DUPLICATE_METHOD_MATCH = YES;
				COPY_PHASE_STRIP = NO;
				DEBUG_INFORMATION_FORMAT = "dwarf-with-dsym";
				ENABLE_NS_ASSERTIONS = NO;
				ENABLE_STRICT_OBJC_MSGSEND = YES;
				GCC_C_LANGUAGE_STANDARD = gnu11;
				GCC_NO_COMMON_BLOCKS = YES;
				GCC_WARN_64_TO_32_BIT_CONVERSION = YES;
				GCC_WARN_ABOUT_RETURN_TYPE = YES_ERROR;
				GCC_WARN_UNDECLARED_SELECTOR = YES;
				GCC_WARN_UNINITIALIZED_AUTOS = YES_AGGRESSIVE;
				GCC_WARN_UNUSED_FUNCTION = YES;
				GCC_WARN_UNUSED_VARIABLE = YES;
				IPHONEOS_DEPLOYMENT_TARGET = 13.0;
				MTL_ENABLE_DEBUG_INFO = NO;
				MTL_FAST_MATH = YES;
				SDKROOT = iphoneos;
				SWIFT_COMPILATION_MODE = wholemodule;
				SWIFT_OPTIMIZATION_LEVEL = "-O";
				VALIDATE_PRODUCT = YES;
			};
			name = Release;
		};
		C50D24642355135F004530D4 /* Debug */ = {
			isa = XCBuildConfiguration;
			buildSettings = {
				ASSETCATALOG_COMPILER_APPICON_NAME = AppIcon;
				CODE_SIGN_STYLE = Automatic;
				DEVELOPMENT_TEAM = JKBVV5928P;
				INFOPLIST_FILE = "danger-swift-integration/Info.plist";
				LD_RUNPATH_SEARCH_PATHS = (
					"$(inherited)",
					"@executable_path/Frameworks",
				);
				PRODUCT_BUNDLE_IDENTIFIER = "akshaykolte.danger-swift-integration";
				PRODUCT_NAME = "$(TARGET_NAME)";
				SWIFT_VERSION = 5.0;
				TARGETED_DEVICE_FAMILY = "1,2";
			};
			name = Debug;
		};
		C50D24652355135F004530D4 /* Release */ = {
			isa = XCBuildConfiguration;
			buildSettings = {
				ASSETCATALOG_COMPILER_APPICON_NAME = AppIcon;
				CODE_SIGN_STYLE = Automatic;
				DEVELOPMENT_TEAM = JKBVV5928P;
				INFOPLIST_FILE = "danger-swift-integration/Info.plist";
				LD_RUNPATH_SEARCH_PATHS = (
					"$(inherited)",
					"@executable_path/Frameworks",
				);
				PRODUCT_BUNDLE_IDENTIFIER = "akshaykolte.danger-swift-integration";
				PRODUCT_NAME = "$(TARGET_NAME)";
				SWIFT_VERSION = 5.0;
				TARGETED_DEVICE_FAMILY = "1,2";
			};
			name = Release;
		};
/* End XCBuildConfiguration section */

/* Begin XCConfigurationList section */
		C50D244A2355135E004530D4 /* Build configuration list for PBXProject "danger-swift-integration" */ = {
			isa = XCConfigurationList;
			buildConfigurations = (
				C50D24612355135F004530D4 /* Debug */,
				C50D24622355135F004530D4 /* Release */,
			);
			defaultConfigurationIsVisible = 0;
			defaultConfigurationName = Release;
		};
		C50D24632355135F004530D4 /* Build configuration list for PBXNativeTarget "danger-swift-integration" */ = {
			isa = XCConfigurationList;
			buildConfigurations = (
				C50D24642355135F004530D4 /* Debug */,
				C50D24652355135F004530D4 /* Release */,
			);
			defaultConfigurationIsVisible = 0;
			defaultConfigurationName = Release;
		};
/* End XCConfigurationList section */
	};
	rootObject = C50D24472355135E004530D4 /* Project object */;
}
